
Microsoft Visual Studio Solution File, Format Version 12.00
# Visual Studio Version 16
VisualStudioVersion = 16.0.29806.167
MinimumVisualStudioVersion = 10.0.40219.1
Project("{FAE04EC0-301F-11D3-BF4B-00C04F79EFBC}") = "23", "23\23.csproj", "{38498AAF-719B-45E0-8103-E0FCB9130D48}"
EndProject
Global
	GlobalSection(SolutionConfigurationPlatforms) = preSolution
		Debug|Any CPU = Debug|Any CPU
		Release|Any CPU = Release|Any CPU
	EndGlobalSection
	GlobalSection(ProjectConfigurationPlatforms) = postSolution
		{38498AAF-719B-45E0-8103-E0FCB9130D48}.Debug|Any CPU.ActiveCfg = Debug|Any CPU
		{38498AAF-719B-45E0-8103-E0FCB9130D48}.Debug|Any CPU.Build.0 = Debug|Any CPU
		{38498AAF-719B-45E0-8103-E0FCB9130D48}.Release|Any CPU.ActiveCfg = Release|Any CPU
		{38498AAF-719B-45E0-8103-E0FCB9130D48}.Release|Any CPU.Build.0 = Release|Any CPU
	EndGlobalSection
	GlobalSection(SolutionProperties) = preSolution
		HideSolutionNode = FALSE
	EndGlobalSection
	GlobalSection(ExtensibilityGlobals) = postSolution
		SolutionGuid = {E7B6B997-6766-451A-8AF1-DAA6807B885C}
	EndGlobalSection
EndGlobal
